
Microsoft Visual Studio Solution File, Format Version 12.00
# Visual Studio 15
VisualStudioVersion = 15.0.28307.1831
MinimumVisualStudioVersion = 10.0.40219.1
Project("{FAE04EC0-301F-11D3-BF4B-00C04F79EFBC}") = "Pawnshop", "Pawnshop\Pawnshop.csproj", "{6E8B6EF2-9419-4D91-B136-EE1507DBE7CA}"
EndProject
Global
	GlobalSection(SolutionConfigurationPlatforms) = preSolution
		Debug|Any CPU = Debug|Any CPU
		Release|Any CPU = Release|Any CPU
	EndGlobalSection
	GlobalSection(ProjectConfigurationPlatforms) = postSolution
		{6E8B6EF2-9419-4D91-B136-EE1507DBE7CA}.Debug|Any CPU.ActiveCfg = Debug|Any CPU
		{6E8B6EF2-9419-4D91-B136-EE1507DBE7CA}.Debug|Any CPU.Build.0 = Debug|Any CPU
		{6E8B6EF2-9419-4D91-B136-EE1507DBE7CA}.Release|Any CPU.ActiveCfg = Release|Any CPU
		{6E8B6EF2-9419-4D91-B136-EE1507DBE7CA}.Release|Any CPU.Build.0 = Release|Any CPU
	EndGlobalSection
	GlobalSection(SolutionProperties) = preSolution
		HideSolutionNode = FALSE
	EndGlobalSection
	GlobalSection(ExtensibilityGlobals) = postSolution
		SolutionGuid = {491D3E3C-D4AC-41FB-BE7E-31F892CACB03}
	EndGlobalSection
EndGlobal
